
Microsoft Visual Studio Solution File, Format Version 12.00
# Visual Studio 15
VisualStudioVersion = 15.0.28307.572
MinimumVisualStudioVersion = 10.0.40219.1
Project("{E24C65DC-7377-472B-9ABA-BC803B73C61A}") = "tamasha", "tamasha\", "{01006BA2-153E-4281-B2B4-AFCC5B543629}"
	ProjectSection(WebsiteProperties) = preProject
		TargetFrameworkMoniker = ".NETFramework,Version%3Dv4.5"
		Debug.AspNetCompiler.VirtualPath = "/localhost_54892"
		Debug.AspNetCompiler.PhysicalPath = "tamasha\"
		Debug.AspNetCompiler.TargetPath = "PrecompiledWeb\localhost_54892\"
		Debug.AspNetCompiler.Updateable = "true"
		Debug.AspNetCompiler.ForceOverwrite = "true"
		Debug.AspNetCompiler.FixedNames = "false"
		Debug.AspNetCompiler.Debug = "True"
		Release.AspNetCompiler.VirtualPath = "/localhost_54892"
		Release.AspNetCompiler.PhysicalPath = "tamasha\"
		Release.AspNetCompiler.TargetPath = "PrecompiledWeb\localhost_54892\"
		Release.AspNetCompiler.Updateable = "true"
		Release.AspNetCompiler.ForceOverwrite = "true"
		Release.AspNetCompiler.FixedNames = "false"
		Release.AspNetCompiler.Debug = "False"
		VWDPort = "54892"
		SlnRelativePath = "tamasha\"
		DefaultWebSiteLanguage = "Visual C#"
	EndProjectSection
EndProject
Global
	GlobalSection(SolutionConfigurationPlatforms) = preSolution
		Debug|Any CPU = Debug|Any CPU
	EndGlobalSection
	GlobalSection(ProjectConfigurationPlatforms) = postSolution
		{01006BA2-153E-4281-B2B4-AFCC5B543629}.Debug|Any CPU.ActiveCfg = Debug|Any CPU
		{01006BA2-153E-4281-B2B4-AFCC5B543629}.Debug|Any CPU.Build.0 = Debug|Any CPU
	EndGlobalSection
	GlobalSection(SolutionProperties) = preSolution
		HideSolutionNode = FALSE
	EndGlobalSection
	GlobalSection(ExtensibilityGlobals) = postSolution
		SolutionGuid = {09CA6F61-36E9-49B2-906F-F74B56C17DCA}
	EndGlobalSection
EndGlobal
